// !$*UTF8*$!
{
	archiveVersion = 1;
	classes = {
	};
	objectVersion = 56;
	objects = {

/* Begin PBXBuildFile section */
		CE6355C62947E03B00C0912F /* WeatherManager.swift in Sources */ = {isa = PBXBuildFile; fileRef = CE6355C52947E03B00C0912F /* WeatherManager.swift */; };
		CE6355C92947E13B00C0912F /* LocationManager.swift in Sources */ = {isa = PBXBuildFile; fileRef = CE6355C82947E13B00C0912F /* LocationManager.swift */; };
		CE6355CC2947E7A400C0912F /* WeatherModel.swift in Sources */ = {isa = PBXBuildFile; fileRef = CE6355CB2947E7A400C0912F /* WeatherModel.swift */; };
		CE6355CE2947E7D800C0912F /* WeatherDataModel.swift in Sources */ = {isa = PBXBuildFile; fileRef = CE6355CD2947E7D800C0912F /* WeatherDataModel.swift */; };
		CE6355D12947F8BE00C0912F /* Todo.xcdatamodeld in Sources */ = {isa = PBXBuildFile; fileRef = CE6355CF2947F8BE00C0912F /* Todo.xcdatamodeld */; };
		CE6355D42947F98500C0912F /* Persistence.swift in Sources */ = {isa = PBXBuildFile; fileRef = CE6355D32947F98500C0912F /* Persistence.swift */; };
		CE6355D62947F9EC00C0912F /* DynamicFilterView.swift in Sources */ = {isa = PBXBuildFile; fileRef = CE6355D52947F9EC00C0912F /* DynamicFilterView.swift */; };
		CE6355D82947FBAF00C0912F /* TaskViewModel.swift in Sources */ = {isa = PBXBuildFile; fileRef = CE6355D72947FBAF00C0912F /* TaskViewModel.swift */; };
		CE6355DA2948029E00C0912F /* NewTaskView.swift in Sources */ = {isa = PBXBuildFile; fileRef = CE6355D92948029E00C0912F /* NewTaskView.swift */; };
		CE6CC2E62946BD8D00B49D6E /* TodoWeatherAppApp.swift in Sources */ = {isa = PBXBuildFile; fileRef = CE6CC2E52946BD8D00B49D6E /* TodoWeatherAppApp.swift */; };
		CE6CC2E82946BD8D00B49D6E /* ContentView.swift in Sources */ = {isa = PBXBuildFile; fileRef = CE6CC2E72946BD8D00B49D6E /* ContentView.swift */; };
		CE6CC2EA2946BD8F00B49D6E /* Assets.xcassets in Resources */ = {isa = PBXBuildFile; fileRef = CE6CC2E92946BD8F00B49D6E /* Assets.xcassets */; };
		CE6CC2EE2946BD8F00B49D6E /* Preview Assets.xcassets in Resources */ = {isa = PBXBuildFile; fileRef = CE6CC2ED2946BD8F00B49D6E /* Preview Assets.xcassets */; };
		CE6CC2F92946BFC400B49D6E /* AppTabView.swift in Sources */ = {isa = PBXBuildFile; fileRef = CE6CC2F82946BFC400B49D6E /* AppTabView.swift */; };
		CE6CC2FD2946C22E00B49D6E /* WeatherView.swift in Sources */ = {isa = PBXBuildFile; fileRef = CE6CC2FC2946C22E00B49D6E /* WeatherView.swift */; };
/* End PBXBuildFile section */

/* Begin PBXFileReference section */
		CE6355C52947E03B00C0912F /* WeatherManager.swift */ = {isa = PBXFileReference; lastKnownFileType = sourcecode.swift; path = WeatherManager.swift; sourceTree = "<group>"; };
		CE6355C82947E13B00C0912F /* LocationManager.swift */ = {isa = PBXFileReference; lastKnownFileType = sourcecode.swift; path = LocationManager.swift; sourceTree = "<group>"; };
		CE6355CB2947E7A400C0912F /* WeatherModel.swift */ = {isa = PBXFileReference; lastKnownFileType = sourcecode.swift; path = WeatherModel.swift; sourceTree = "<group>"; };
		CE6355CD2947E7D800C0912F /* WeatherDataModel.swift */ = {isa = PBXFileReference; lastKnownFileType = sourcecode.swift; path = WeatherDataModel.swift; sourceTree = "<group>"; };
		CE6355D02947F8BE00C0912F /* Todo.xcdatamodel */ = {isa = PBXFileReference; lastKnownFileType = wrapper.xcdatamodel; path = Todo.xcdatamodel; sourceTree = "<group>"; };
		CE6355D32947F98500C0912F /* Persistence.swift */ = {isa = PBXFileReference; lastKnownFileType = sourcecode.swift; path = Persistence.swift; sourceTree = "<group>"; };
		CE6355D52947F9EC00C0912F /* DynamicFilterView.swift */ = {isa = PBXFileReference; lastKnownFileType = sourcecode.swift; path = DynamicFilterView.swift; sourceTree = "<group>"; };
		CE6355D72947FBAF00C0912F /* TaskViewModel.swift */ = {isa = PBXFileReference; lastKnownFileType = sourcecode.swift; path = TaskViewModel.swift; sourceTree = "<group>"; };
		CE6355D92948029E00C0912F /* NewTaskView.swift */ = {isa = PBXFileReference; lastKnownFileType = sourcecode.swift; path = NewTaskView.swift; sourceTree = "<group>"; };
		CE6CC2E22946BD8D00B49D6E /* TodoWeatherApp.app */ = {isa = PBXFileReference; explicitFileType = wrapper.application; includeInIndex = 0; path = TodoWeatherApp.app; sourceTree = BUILT_PRODUCTS_DIR; };
		CE6CC2E52946BD8D00B49D6E /* TodoWeatherAppApp.swift */ = {isa = PBXFileReference; lastKnownFileType = sourcecode.swift; path = TodoWeatherAppApp.swift; sourceTree = "<group>"; };
		CE6CC2E72946BD8D00B49D6E /* ContentView.swift */ = {isa = PBXFileReference; lastKnownFileType = sourcecode.swift; path = ContentView.swift; sourceTree = "<group>"; };
		CE6CC2E92946BD8F00B49D6E /* Assets.xcassets */ = {isa = PBXFileReference; lastKnownFileType = folder.assetcatalog; path = Assets.xcassets; sourceTree = "<group>"; };
		CE6CC2EB2946BD8F00B49D6E /* TodoWeatherApp.entitlements */ = {isa = PBXFileReference; lastKnownFileType = text.plist.entitlements; path = TodoWeatherApp.entitlements; sourceTree = "<group>"; };
		CE6CC2ED2946BD8F00B49D6E /* Preview Assets.xcassets */ = {isa = PBXFileReference; lastKnownFileType = folder.assetcatalog; path = "Preview Assets.xcassets"; sourceTree = "<group>"; };
		CE6CC2F82946BFC400B49D6E /* AppTabView.swift */ = {isa = PBXFileReference; lastKnownFileType = sourcecode.swift; path = AppTabView.swift; sourceTree = "<group>"; };
		CE6CC2FC2946C22E00B49D6E /* WeatherView.swift */ = {isa = PBXFileReference; lastKnownFileType = sourcecode.swift; path = WeatherView.swift; sourceTree = "<group>"; };
/* End PBXFileReference section */

/* Begin PBXFrameworksBuildPhase section */
		CE6CC2DF2946BD8D00B49D6E /* Frameworks */ = {
			isa = PBXFrameworksBuildPhase;
			buildActionMask = 2147483647;
			files = (
			);
			runOnlyForDeploymentPostprocessing = 0;
		};
/* End PBXFrameworksBuildPhase section */

/* Begin PBXGroup section */
		CE6355C72947E03D00C0912F /* Managers */ = {
			isa = PBXGroup;
			children = (
				CE6355C52947E03B00C0912F /* WeatherManager.swift */,
				CE6355C82947E13B00C0912F /* LocationManager.swift */,
			);
			path = Managers;
			sourceTree = "<group>";
		};
		CE6355CA2947E79A00C0912F /* Model */ = {
			isa = PBXGroup;
			children = (
				CE6355CB2947E7A400C0912F /* WeatherModel.swift */,
				CE6355CD2947E7D800C0912F /* WeatherDataModel.swift */,
				CE6355D72947FBAF00C0912F /* TaskViewModel.swift */,
			);
			path = Model;
			sourceTree = "<group>";
		};
		CE6355D22947F97300C0912F /* CoreData */ = {
			isa = PBXGroup;
			children = (
				CE6355D32947F98500C0912F /* Persistence.swift */,
			);
			path = CoreData;
			sourceTree = "<group>";
		};
		CE6CC2D92946BD8D00B49D6E = {
			isa = PBXGroup;
			children = (
				CE6CC2E42946BD8D00B49D6E /* TodoWeatherApp */,
				CE6CC2E32946BD8D00B49D6E /* Products */,
			);
			sourceTree = "<group>";
		};
		CE6CC2E32946BD8D00B49D6E /* Products */ = {
			isa = PBXGroup;
			children = (
				CE6CC2E22946BD8D00B49D6E /* TodoWeatherApp.app */,
			);
			name = Products;
			sourceTree = "<group>";
		};
		CE6CC2E42946BD8D00B49D6E /* TodoWeatherApp */ = {
			isa = PBXGroup;
			children = (
				CE6CC2E52946BD8D00B49D6E /* TodoWeatherAppApp.swift */,
				CE6355D22947F97300C0912F /* CoreData */,
				CE6355CA2947E79A00C0912F /* Model */,
				CE6355C72947E03D00C0912F /* Managers */,
				CE6CC2FB2946C21B00B49D6E /* Components */,
				CE6CC2FA2946C21100B49D6E /* Views */,
				CE6CC2E92946BD8F00B49D6E /* Assets.xcassets */,
				CE6CC2EB2946BD8F00B49D6E /* TodoWeatherApp.entitlements */,
				CE6355CF2947F8BE00C0912F /* Todo.xcdatamodeld */,
				CE6CC2EC2946BD8F00B49D6E /* Preview Content */,
			);
			path = TodoWeatherApp;
			sourceTree = "<group>";
		};
		CE6CC2EC2946BD8F00B49D6E /* Preview Content */ = {
			isa = PBXGroup;
			children = (
				CE6CC2ED2946BD8F00B49D6E /* Preview Assets.xcassets */,
			);
			path = "Preview Content";
			sourceTree = "<group>";
		};
		CE6CC2FA2946C21100B49D6E /* Views */ = {
			isa = PBXGroup;
			children = (
				CE6CC2F82946BFC400B49D6E /* AppTabView.swift */,
				CE6355D92948029E00C0912F /* NewTaskView.swift */,
				CE6CC2E72946BD8D00B49D6E /* ContentView.swift */,
			);
			path = Views;
			sourceTree = "<group>";
		};
		CE6CC2FB2946C21B00B49D6E /* Components */ = {
			isa = PBXGroup;
			children = (
				CE6CC2FC2946C22E00B49D6E /* WeatherView.swift */,
				CE6355D52947F9EC00C0912F /* DynamicFilterView.swift */,
			);
			path = Components;
			sourceTree = "<group>";
		};
/* End PBXGroup section */

/* Begin PBXNativeTarget section */
		CE6CC2E12946BD8D00B49D6E /* TodoWeatherApp */ = {
			isa = PBXNativeTarget;
			buildConfigurationList = CE6CC2F12946BD8F00B49D6E /* Build configuration list for PBXNativeTarget "TodoWeatherApp" */;
			buildPhases = (
				CE6CC2DE2946BD8D00B49D6E /* Sources */,
				CE6CC2DF2946BD8D00B49D6E /* Frameworks */,
				CE6CC2E02946BD8D00B49D6E /* Resources */,
			);
			buildRules = (
			);
			dependencies = (
			);
			name = TodoWeatherApp;
			productName = TodoWeatherApp;
			productReference = CE6CC2E22946BD8D00B49D6E /* TodoWeatherApp.app */;
			productType = "com.apple.product-type.application";
		};
/* End PBXNativeTarget section */

/* Begin PBXProject section */
		CE6CC2DA2946BD8D00B49D6E /* Project object */ = {
			isa = PBXProject;
			attributes = {
				BuildIndependentTargetsInParallel = 1;
				LastSwiftUpdateCheck = 1410;
				LastUpgradeCheck = 1410;
				TargetAttributes = {
					CE6CC2E12946BD8D00B49D6E = {
						CreatedOnToolsVersion = 14.1;
					};
				};
			};
			buildConfigurationList = CE6CC2DD2946BD8D00B49D6E /* Build configuration list for PBXProject "TodoWeatherApp" */;
			compatibilityVersion = "Xcode 14.0";
			developmentRegion = en;
			hasScannedForEncodings = 0;
			knownRegions = (
				en,
				Base,
			);
			mainGroup = CE6CC2D92946BD8D00B49D6E;
			productRefGroup = CE6CC2E32946BD8D00B49D6E /* Products */;
			projectDirPath = "";
			projectRoot = "";
			targets = (
				CE6CC2E12946BD8D00B49D6E /* TodoWeatherApp */,
			);
		};
/* End PBXProject section */

/* Begin PBXResourcesBuildPhase section */
		CE6CC2E02946BD8D00B49D6E /* Resources */ = {
			isa = PBXResourcesBuildPhase;
			buildActionMask = 2147483647;
			files = (
				CE6CC2EE2946BD8F00B49D6E /* Preview Assets.xcassets in Resources */,
				CE6CC2EA2946BD8F00B49D6E /* Assets.xcassets in Resources */,
			);
			runOnlyForDeploymentPostprocessing = 0;
		};
/* End PBXResourcesBuildPhase section */

/* Begin PBXSourcesBuildPhase section */
		CE6CC2DE2946BD8D00B49D6E /* Sources */ = {
			isa = PBXSourcesBuildPhase;
			buildActionMask = 2147483647;
			files = (
				CE6CC2E82946BD8D00B49D6E /* ContentView.swift in Sources */,
				CE6355D82947FBAF00C0912F /* TaskViewModel.swift in Sources */,
				CE6CC2F92946BFC400B49D6E /* AppTabView.swift in Sources */,
				CE6355D62947F9EC00C0912F /* DynamicFilterView.swift in Sources */,
				CE6355C92947E13B00C0912F /* LocationManager.swift in Sources */,
				CE6355CC2947E7A400C0912F /* WeatherModel.swift in Sources */,
				CE6355D12947F8BE00C0912F /* Todo.xcdatamodeld in Sources */,
				CE6355CE2947E7D800C0912F /* WeatherDataModel.swift in Sources */,
				CE6355DA2948029E00C0912F /* NewTaskView.swift in Sources */,
				CE6CC2E62946BD8D00B49D6E /* TodoWeatherAppApp.swift in Sources */,
				CE6CC2FD2946C22E00B49D6E /* WeatherView.swift in Sources */,
				CE6355C62947E03B00C0912F /* WeatherManager.swift in Sources */,
				CE6355D42947F98500C0912F /* Persistence.swift in Sources */,
			);
			runOnlyForDeploymentPostprocessing = 0;
		};
/* End PBXSourcesBuildPhase section */

/* Begin XCBuildConfiguration section */
		CE6CC2EF2946BD8F00B49D6E /* Debug */ = {
			isa = XCBuildConfiguration;
			buildSettings = {
				ALWAYS_SEARCH_USER_PATHS = NO;
				CLANG_ANALYZER_NONNULL = YES;
				CLANG_ANALYZER_NUMBER_OBJECT_CONVERSION = YES_AGGRESSIVE;
				CLANG_CXX_LANGUAGE_STANDARD = "gnu++20";
				CLANG_ENABLE_MODULES = YES;
				CLANG_ENABLE_OBJC_ARC = YES;
				CLANG_ENABLE_OBJC_WEAK = YES;
				CLANG_WARN_BLOCK_CAPTURE_AUTORELEASING = YES;
				CLANG_WARN_BOOL_CONVERSION = YES;
				CLANG_WARN_COMMA = YES;
				CLANG_WARN_CONSTANT_CONVERSION = YES;
				CLANG_WARN_DEPRECATED_OBJC_IMPLEMENTATIONS = YES;
				CLANG_WARN_DIRECT_OBJC_ISA_USAGE = YES_ERROR;
				CLANG_WARN_DOCUMENTATION_COMMENTS = YES;
				CLANG_WARN_EMPTY_BODY = YES;
				CLANG_WARN_ENUM_CONVERSION = YES;
				CLANG_WARN_INFINITE_RECURSION = YES;
				CLANG_WARN_INT_CONVERSION = YES;
				CLANG_WARN_NON_LITERAL_NULL_CONVERSION = YES;
				CLANG_WARN_OBJC_IMPLICIT_RETAIN_SELF = YES;
				CLANG_WARN_OBJC_LITERAL_CONVERSION = YES;
				CLANG_WARN_OBJC_ROOT_CLASS = YES_ERROR;
				CLANG_WARN_QUOTED_INCLUDE_IN_FRAMEWORK_HEADER = YES;
				CLANG_WARN_RANGE_LOOP_ANALYSIS = YES;
				CLANG_WARN_STRICT_PROTOTYPES = YES;
				CLANG_WARN_SUSPICIOUS_MOVE = YES;
				CLANG_WARN_UNGUARDED_AVAILABILITY = YES_AGGRESSIVE;
				CLANG_WARN_UNREACHABLE_CODE = YES;
				CLANG_WARN__DUPLICATE_METHOD_MATCH = YES;
				COPY_PHASE_STRIP = NO;
				DEBUG_INFORMATION_FORMAT = dwarf;
				ENABLE_STRICT_OBJC_MSGSEND = YES;
				ENABLE_TESTABILITY = YES;
				GCC_C_LANGUAGE_STANDARD = gnu11;
				GCC_DYNAMIC_NO_PIC = NO;
				GCC_NO_COMMON_BLOCKS = YES;
				GCC_OPTIMIZATION_LEVEL = 0;
				GCC_PREPROCESSOR_DEFINITIONS = (
					"DEBUG=1",
					"$(inherited)",
				);
				GCC_WARN_64_TO_32_BIT_CONVERSION = YES;
				GCC_WARN_ABOUT_RETURN_TYPE = YES_ERROR;
				GCC_WARN_UNDECLARED_SELECTOR = YES;
				GCC_WARN_UNINITIALIZED_AUTOS = YES_AGGRESSIVE;
				GCC_WARN_UNUSED_FUNCTION = YES;
				GCC_WARN_UNUSED_VARIABLE = YES;
				MTL_ENABLE_DEBUG_INFO = INCLUDE_SOURCE;
				MTL_FAST_MATH = YES;
				ONLY_ACTIVE_ARCH = YES;
				SWIFT_ACTIVE_COMPILATION_CONDITIONS = DEBUG;
				SWIFT_OPTIMIZATION_LEVEL = "-Onone";
			};
			name = Debug;
		};
		CE6CC2F02946BD8F00B49D6E /* Release */ = {
			isa = XCBuildConfiguration;
			buildSettings = {
				ALWAYS_SEARCH_USER_PATHS = NO;
				CLANG_ANALYZER_NONNULL = YES;
				CLANG_ANALYZER_NUMBER_OBJECT_CONVERSION = YES_AGGRESSIVE;
				CLANG_CXX_LANGUAGE_STANDARD = "gnu++20";
				CLANG_ENABLE_MODULES = YES;
				CLANG_ENABLE_OBJC_ARC = YES;
				CLANG_ENABLE_OBJC_WEAK = YES;
				CLANG_WARN_BLOCK_CAPTURE_AUTORELEASING = YES;
				CLANG_WARN_BOOL_CONVERSION = YES;
				CLANG_WARN_COMMA = YES;
				CLANG_WARN_CONSTANT_CONVERSION = YES;
				CLANG_WARN_DEPRECATED_OBJC_IMPLEMENTATIONS = YES;
				CLANG_WARN_DIRECT_OBJC_ISA_USAGE = YES_ERROR;
				CLANG_WARN_DOCUMENTATION_COMMENTS = YES;
				CLANG_WARN_EMPTY_BODY = YES;
				CLANG_WARN_ENUM_CONVERSION = YES;
				CLANG_WARN_INFINITE_RECURSION = YES;
				CLANG_WARN_INT_CONVERSION = YES;
				CLANG_WARN_NON_LITERAL_NULL_CONVERSION = YES;
				CLANG_WARN_OBJC_IMPLICIT_RETAIN_SELF = YES;
				CLANG_WARN_OBJC_LITERAL_CONVERSION = YES;
				CLANG_WARN_OBJC_ROOT_CLASS = YES_ERROR;
				CLANG_WARN_QUOTED_INCLUDE_IN_FRAMEWORK_HEADER = YES;
				CLANG_WARN_RANGE_LOOP_ANALYSIS = YES;
				CLANG_WARN_STRICT_PROTOTYPES = YES;
				CLANG_WARN_SUSPICIOUS_MOVE = YES;
				CLANG_WARN_UNGUARDED_AVAILABILITY = YES_AGGRESSIVE;
				CLANG_WARN_UNREACHABLE_CODE = YES;
				CLANG_WARN__DUPLICATE_METHOD_MATCH = YES;
				COPY_PHASE_STRIP = NO;
				DEBUG_INFORMATION_FORMAT = "dwarf-with-dsym";
				ENABLE_NS_ASSERTIONS = NO;
				ENABLE_STRICT_OBJC_MSGSEND = YES;
				GCC_C_LANGUAGE_STANDARD = gnu11;
				GCC_NO_COMMON_BLOCKS = YES;
				GCC_WARN_64_TO_32_BIT_CONVERSION = YES;
				GCC_WARN_ABOUT_RETURN_TYPE = YES_ERROR;
				GCC_WARN_UNDECLARED_SELECTOR = YES;
				GCC_WARN_UNINITIALIZED_AUTOS = YES_AGGRESSIVE;
				GCC_WARN_UNUSED_FUNCTION = YES;
				GCC_WARN_UNUSED_VARIABLE = YES;
				MTL_ENABLE_DEBUG_INFO = NO;
				MTL_FAST_MATH = YES;
				SWIFT_COMPILATION_MODE = wholemodule;
				SWIFT_OPTIMIZATION_LEVEL = "-O";
			};
			name = Release;
		};
		CE6CC2F22946BD8F00B49D6E /* Debug */ = {
			isa = XCBuildConfiguration;
			buildSettings = {
				ASSETCATALOG_COMPILER_APPICON_NAME = AppIcon;
				ASSETCATALOG_COMPILER_GLOBAL_ACCENT_COLOR_NAME = AccentColor;
				CODE_SIGN_ENTITLEMENTS = TodoWeatherApp/TodoWeatherApp.entitlements;
				CODE_SIGN_STYLE = Automatic;
				CURRENT_PROJECT_VERSION = 1;
				DEVELOPMENT_ASSET_PATHS = "\"TodoWeatherApp/Preview Content\"";
				DEVELOPMENT_TEAM = U43K5UN843;
				ENABLE_HARDENED_RUNTIME = YES;
				ENABLE_PREVIEWS = YES;
				GENERATE_INFOPLIST_FILE = YES;
				INFOPLIST_KEY_CFBundleDisplayName = "Data Task";
				INFOPLIST_KEY_NSLocationAlwaysAndWhenInUseUsageDescription = "Location required to update weather information.";
				INFOPLIST_KEY_NSLocationWhenInUseUsageDescription = "Location required to update weather information.";
				"INFOPLIST_KEY_UIApplicationSceneManifest_Generation[sdk=iphoneos*]" = YES;
				"INFOPLIST_KEY_UIApplicationSceneManifest_Generation[sdk=iphonesimulator*]" = YES;
				"INFOPLIST_KEY_UIApplicationSupportsIndirectInputEvents[sdk=iphoneos*]" = YES;
				"INFOPLIST_KEY_UIApplicationSupportsIndirectInputEvents[sdk=iphonesimulator*]" = YES;
				"INFOPLIST_KEY_UILaunchScreen_Generation[sdk=iphoneos*]" = YES;
				"INFOPLIST_KEY_UILaunchScreen_Generation[sdk=iphonesimulator*]" = YES;
				"INFOPLIST_KEY_UIStatusBarStyle[sdk=iphoneos*]" = UIStatusBarStyleDefault;
				"INFOPLIST_KEY_UIStatusBarStyle[sdk=iphonesimulator*]" = UIStatusBarStyleDefault;
				INFOPLIST_KEY_UISupportedInterfaceOrientations = UIInterfaceOrientationPortrait;
				IPHONEOS_DEPLOYMENT_TARGET = 15.0;
				LD_RUNPATH_SEARCH_PATHS = "@executable_path/Frameworks";
				"LD_RUNPATH_SEARCH_PATHS[sdk=macosx*]" = "@executable_path/../Frameworks";
				MACOSX_DEPLOYMENT_TARGET = 13.0;
				MARKETING_VERSION = 1.0;
				PRODUCT_BUNDLE_IDENTIFIER = com.boringlemonade.TodoWeatherApp;
				PRODUCT_NAME = "$(TARGET_NAME)";
				SDKROOT = auto;
				SUPPORTED_PLATFORMS = "iphoneos iphonesimulator";
				SUPPORTS_MACCATALYST = NO;
				SUPPORTS_MAC_DESIGNED_FOR_IPHONE_IPAD = NO;
				SWIFT_EMIT_LOC_STRINGS = YES;
				SWIFT_VERSION = 5.0;
				TARGETED_DEVICE_FAMILY = 1;
			};
			name = Debug;
		};
		CE6CC2F32946BD8F00B49D6E /* Release */ = {
			isa = XCBuildConfiguration;
			buildSettings = {
				ASSETCATALOG_COMPILER_APPICON_NAME = AppIcon;
				ASSETCATALOG_COMPILER_GLOBAL_ACCENT_COLOR_NAME = AccentColor;
				CODE_SIGN_ENTITLEMENTS = TodoWeatherApp/TodoWeatherApp.entitlements;
				CODE_SIGN_STYLE = Automatic;
				CURRENT_PROJECT_VERSION = 1;
				DEVELOPMENT_ASSET_PATHS = "\"TodoWeatherApp/Preview Content\"";
				DEVELOPMENT_TEAM = U43K5UN843;
				ENABLE_HARDENED_RUNTIME = YES;
				ENABLE_PREVIEWS = YES;
				GENERATE_INFOPLIST_FILE = YES;
				INFOPLIST_KEY_CFBundleDisplayName = "Data Task";
				INFOPLIST_KEY_NSLocationAlwaysAndWhenInUseUsageDescription = "Location required to update weather information.";
				INFOPLIST_KEY_NSLocationWhenInUseUsageDescription = "Location required to update weather information.";
				"INFOPLIST_KEY_UIApplicationSceneManifest_Generation[sdk=iphoneos*]" = YES;
				"INFOPLIST_KEY_UIApplicationSceneManifest_Generation[sdk=iphonesimulator*]" = YES;
				"INFOPLIST_KEY_UIApplicationSupportsIndirectInputEvents[sdk=iphoneos*]" = YES;
				"INFOPLIST_KEY_UIApplicationSupportsIndirectInputEvents[sdk=iphonesimulator*]" = YES;
				"INFOPLIST_KEY_UILaunchScreen_Generation[sdk=iphoneos*]" = YES;
				"INFOPLIST_KEY_UILaunchScreen_Generation[sdk=iphonesimulator*]" = YES;
				"INFOPLIST_KEY_UIStatusBarStyle[sdk=iphoneos*]" = UIStatusBarStyleDefault;
				"INFOPLIST_KEY_UIStatusBarStyle[sdk=iphonesimulator*]" = UIStatusBarStyleDefault;
				INFOPLIST_KEY_UISupportedInterfaceOrientations = UIInterfaceOrientationPortrait;
				IPHONEOS_DEPLOYMENT_TARGET = 15.0;
				LD_RUNPATH_SEARCH_PATHS = "@executable_path/Frameworks";
				"LD_RUNPATH_SEARCH_PATHS[sdk=macosx*]" = "@executable_path/../Frameworks";
				MACOSX_DEPLOYMENT_TARGET = 13.0;
				MARKETING_VERSION = 1.0;
				PRODUCT_BUNDLE_IDENTIFIER = com.boringlemonade.TodoWeatherApp;
				PRODUCT_NAME = "$(TARGET_NAME)";
				SDKROOT = auto;
				SUPPORTED_PLATFORMS = "iphoneos iphonesimulator";
				SUPPORTS_MACCATALYST = NO;
				SUPPORTS_MAC_DESIGNED_FOR_IPHONE_IPAD = NO;
				SWIFT_EMIT_LOC_STRINGS = YES;
				SWIFT_VERSION = 5.0;
				TARGETED_DEVICE_FAMILY = 1;
			};
			name = Release;
		};
/* End XCBuildConfiguration section */

/* Begin XCConfigurationList section */
		CE6CC2DD2946BD8D00B49D6E /* Build configuration list for PBXProject "TodoWeatherApp" */ = {
			isa = XCConfigurationList;
			buildConfigurations = (
				CE6CC2EF2946BD8F00B49D6E /* Debug */,
				CE6CC2F02946BD8F00B49D6E /* Release */,
			);
			defaultConfigurationIsVisible = 0;
			defaultConfigurationName = Release;
		};
		CE6CC2F12946BD8F00B49D6E /* Build configuration list for PBXNativeTarget "TodoWeatherApp" */ = {
			isa = XCConfigurationList;
			buildConfigurations = (
				CE6CC2F22946BD8F00B49D6E /* Debug */,
				CE6CC2F32946BD8F00B49D6E /* Release */,
			);
			defaultConfigurationIsVisible = 0;
			defaultConfigurationName = Release;
		};
/* End XCConfigurationList section */

/* Begin XCVersionGroup section */
		CE6355CF2947F8BE00C0912F /* Todo.xcdatamodeld */ = {
			isa = XCVersionGroup;
			children = (
				CE6355D02947F8BE00C0912F /* Todo.xcdatamodel */,
			);
			currentVersion = CE6355D02947F8BE00C0912F /* Todo.xcdatamodel */;
			path = Todo.xcdatamodeld;
			sourceTree = "<group>";
			versionGroupType = wrapper.xcdatamodel;
		};
/* End XCVersionGroup section */
	};
	rootObject = CE6CC2DA2946BD8D00B49D6E /* Project object */;
}
